
Microsoft Visual Studio Solution File, Format Version 11.00
# Visual Studio 2010
Project("{FAE04EC0-301F-11D3-BF4B-00C04F79EFBC}") = "envs", "Assembly-CSharp.csproj", "{FCCAEF4A-BE88-3650-C9DE-70D7014FA622}"
EndProject
Project("{FAE04EC0-301F-11D3-BF4B-00C04F79EFBC}") = "envs", "Assembly-CSharp-firstpass.csproj", "{6988A2A7-51E0-2714-8162-A089D51CF167}"
EndProject
Project("{FAE04EC0-301F-11D3-BF4B-00C04F79EFBC}") = "envs", "Assembly-CSharp-Editor-firstpass.csproj", "{99C10FBD-4A7F-5052-F78F-921BAFF31D00}"
EndProject
Global
	GlobalSection(SolutionConfigurationPlatforms) = preSolution
		Debug|Any CPU = Debug|Any CPU
		Release|Any CPU = Release|Any CPU
	EndGlobalSection
	GlobalSection(ProjectConfigurationPlatforms) = postSolution
		{FCCAEF4A-BE88-3650-C9DE-70D7014FA622}.Debug|Any CPU.ActiveCfg = Debug|Any CPU
		{FCCAEF4A-BE88-3650-C9DE-70D7014FA622}.Debug|Any CPU.Build.0 = Debug|Any CPU
		{FCCAEF4A-BE88-3650-C9DE-70D7014FA622}.Release|Any CPU.ActiveCfg = Release|Any CPU
		{FCCAEF4A-BE88-3650-C9DE-70D7014FA622}.Release|Any CPU.Build.0 = Release|Any CPU
		{6988A2A7-51E0-2714-8162-A089D51CF167}.Debug|Any CPU.ActiveCfg = Debug|Any CPU
		{6988A2A7-51E0-2714-8162-A089D51CF167}.Debug|Any CPU.Build.0 = Debug|Any CPU
		{6988A2A7-51E0-2714-8162-A089D51CF167}.Release|Any CPU.ActiveCfg = Release|Any CPU
		{6988A2A7-51E0-2714-8162-A089D51CF167}.Release|Any CPU.Build.0 = Release|Any CPU
		{99C10FBD-4A7F-5052-F78F-921BAFF31D00}.Debug|Any CPU.ActiveCfg = Debug|Any CPU
		{99C10FBD-4A7F-5052-F78F-921BAFF31D00}.Debug|Any CPU.Build.0 = Debug|Any CPU
		{99C10FBD-4A7F-5052-F78F-921BAFF31D00}.Release|Any CPU.ActiveCfg = Release|Any CPU
		{99C10FBD-4A7F-5052-F78F-921BAFF31D00}.Release|Any CPU.Build.0 = Release|Any CPU
	EndGlobalSection
	GlobalSection(SolutionProperties) = preSolution
		HideSolutionNode = FALSE
	EndGlobalSection
	GlobalSection(MonoDevelopProperties) = preSolution
		StartupItem = Assembly-CSharp.csproj
	EndGlobalSection
EndGlobal
